
#include <iostream>
using namespace std;

int main()
{
    cout << "To be\n";
    cout << "\t or not\n";
    cout << "\t\t to be...\n";
    cout << "\t\t\t //William Shakespear\n";

        
    setlocale(0, "");
    cout << "Доброго вечора!\n";
    cout << "\\Грудень 2024\\\n";
    cout << " ПН ВТ СР ЧТ ПТ НД СБ\n";
    cout << "                   1\n";
    cout << " 2  3  4  5  6  7  8\n";
    cout << " 9 10 11 12 13 14 15\n";
    cout << "16 17 18 19 20 21 22\n";
    cout << "23 24 25 26 27 28 29\n";
    cout << "30 31               \n";

    
    cout << "     ###          \n";
    cout << "   ####           \n";
    cout << " /| |______       \n";
    cout << "/          |  @@  \n";
    cout << " |         | @@@@ \n";
    cout << " |   _  [] | @@@@ \n";
    cout << " |  | |    |  ||  \n";
    cout << " |__| |____|__||__\n";



    cout << "Skills: C++, HTML, Python                                    \n";
    cout << "Education: IT Step                                      \n";
    cout << "Professional Expirence: First time here                 \n";
    cout << "Language: Russian, Ukrainian, English, German, Italian \n";
    cout << "Name: Denys                                             \n";
    cout << "Surname: Ostrometskyi                               \n";
    cout << "Email: @gmail.com                        \n";
}
